
Microsoft Visual Studio Solution File, Format Version 12.00
# Visual Studio Version 16
VisualStudioVersion = 16.0.30907.101
MinimumVisualStudioVersion = 10.0.40219.1
Project("{FAE04EC0-301F-11D3-BF4B-00C04F79EFBC}") = "MongoApp1", "MongoApp1\MongoApp1.csproj", "{CF70CF81-8ECA-4D75-9CD1-0DF5D7C12398}"
EndProject
Global
	GlobalSection(SolutionConfigurationPlatforms) = preSolution
		Debug|Any CPU = Debug|Any CPU
		Release|Any CPU = Release|Any CPU
	EndGlobalSection
	GlobalSection(ProjectConfigurationPlatforms) = postSolution
		{CF70CF81-8ECA-4D75-9CD1-0DF5D7C12398}.Debug|Any CPU.ActiveCfg = Debug|Any CPU
		{CF70CF81-8ECA-4D75-9CD1-0DF5D7C12398}.Debug|Any CPU.Build.0 = Debug|Any CPU
		{CF70CF81-8ECA-4D75-9CD1-0DF5D7C12398}.Release|Any CPU.ActiveCfg = Release|Any CPU
		{CF70CF81-8ECA-4D75-9CD1-0DF5D7C12398}.Release|Any CPU.Build.0 = Release|Any CPU
	EndGlobalSection
	GlobalSection(SolutionProperties) = preSolution
		HideSolutionNode = FALSE
	EndGlobalSection
	GlobalSection(ExtensibilityGlobals) = postSolution
		SolutionGuid = {B4840308-9059-4E22-8D71-F1D30DDBD922}
	EndGlobalSection
EndGlobal
